// !$*UTF8*$!
{
	archiveVersion = 1;
	classes = {
	};
	objectVersion = 46;
	objects = {

/* Begin PBXBuildFile section */
		AD398A6A1D9693A300A235DA /* AppDelegate.swift in Sources */ = {isa = PBXBuildFile; fileRef = AD398A691D9693A300A235DA /* AppDelegate.swift */; };
		AD398A6C1D9693A300A235DA /* ViewController.swift in Sources */ = {isa = PBXBuildFile; fileRef = AD398A6B1D9693A300A235DA /* ViewController.swift */; };
		AD398A6F1D9693A300A235DA /* Main.storyboard in Resources */ = {isa = PBXBuildFile; fileRef = AD398A6D1D9693A300A235DA /* Main.storyboard */; };
		AD398A711D9693A300A235DA /* Assets.xcassets in Resources */ = {isa = PBXBuildFile; fileRef = AD398A701D9693A300A235DA /* Assets.xcassets */; };
		AD398A741D9693A300A235DA /* LaunchScreen.storyboard in Resources */ = {isa = PBXBuildFile; fileRef = AD398A721D9693A300A235DA /* LaunchScreen.storyboard */; };
/* End PBXBuildFile section */

/* Begin PBXFileReference section */
		AD398A661D9693A300A235DA /* Whats the weather.app */ = {isa = PBXFileReference; explicitFileType = wrapper.application; includeInIndex = 0; path = "Whats the weather.app"; sourceTree = BUILT_PRODUCTS_DIR; };
		AD398A691D9693A300A235DA /* AppDelegate.swift */ = {isa = PBXFileReference; lastKnownFileType = sourcecode.swift; path = AppDelegate.swift; sourceTree = "<group>"; };
		AD398A6B1D9693A300A235DA /* ViewController.swift */ = {isa = PBXFileReference; lastKnownFileType = sourcecode.swift; path = ViewController.swift; sourceTree = "<group>"; };
		AD398A6E1D9693A300A235DA /* Base */ = {isa = PBXFileReference; lastKnownFileType = file.storyboard; name = Base; path = Base.lproj/Main.storyboard; sourceTree = "<group>"; };
		AD398A701D9693A300A235DA /* Assets.xcassets */ = {isa = PBXFileReference; lastKnownFileType = folder.assetcatalog; path = Assets.xcassets; sourceTree = "<group>"; };
		AD398A731D9693A300A235DA /* Base */ = {isa = PBXFileReference; lastKnownFileType = file.storyboard; name = Base; path = Base.lproj/LaunchScreen.storyboard; sourceTree = "<group>"; };
		AD398A751D9693A300A235DA /* Info.plist */ = {isa = PBXFileReference; lastKnownFileType = text.plist.xml; path = Info.plist; sourceTree = "<group>"; };
/* End PBXFileReference section */

/* Begin PBXFrameworksBuildPhase section */
		AD398A631D9693A300A235DA /* Frameworks */ = {
			isa = PBXFrameworksBuildPhase;
			buildActionMask = 2147483647;
			files = (
			);
			runOnlyForDeploymentPostprocessing = 0;
		};
/* End PBXFrameworksBuildPhase section */

/* Begin PBXGroup section */
		AD398A5D1D9693A300A235DA = {
			isa = PBXGroup;
			children = (
				AD398A681D9693A300A235DA /* Whats the weather */,
				AD398A671D9693A300A235DA /* Products */,
			);
			sourceTree = "<group>";
		};
		AD398A671D9693A300A235DA /* Products */ = {
			isa = PBXGroup;
			children = (
				AD398A661D9693A300A235DA /* Whats the weather.app */,
			);
			name = Products;
			sourceTree = "<group>";
		};
		AD398A681D9693A300A235DA /* Whats the weather */ = {
			isa = PBXGroup;
			children = (
				AD398A691D9693A300A235DA /* AppDelegate.swift */,
				AD398A6B1D9693A300A235DA /* ViewController.swift */,
				AD398A6D1D9693A300A235DA /* Main.storyboard */,
				AD398A701D9693A300A235DA /* Assets.xcassets */,
				AD398A721D9693A300A235DA /* LaunchScreen.storyboard */,
				AD398A751D9693A300A235DA /* Info.plist */,
			);
			path = "Whats the weather";
			sourceTree = "<group>";
		};
/* End PBXGroup section */

/* Begin PBXNativeTarget section */
		AD398A651D9693A300A235DA /* Whats the weather */ = {
			isa = PBXNativeTarget;
			buildConfigurationList = AD398A781D9693A300A235DA /* Build configuration list for PBXNativeTarget "Whats the weather" */;
			buildPhases = (
				AD398A621D9693A300A235DA /* Sources */,
				AD398A631D9693A300A235DA /* Frameworks */,
				AD398A641D9693A300A235DA /* Resources */,
			);
			buildRules = (
			);
			dependencies = (
			);
			name = "Whats the weather";
			productName = "Whats the weather";
			productReference = AD398A661D9693A300A235DA /* Whats the weather.app */;
			productType = "com.apple.product-type.application";
		};
/* End PBXNativeTarget section */

/* Begin PBXProject section */
		AD398A5E1D9693A300A235DA /* Project object */ = {
			isa = PBXProject;
			attributes = {
				LastSwiftUpdateCheck = 0800;
				LastUpgradeCheck = 0800;
				ORGANIZATIONNAME = OMLODI;
				TargetAttributes = {
					AD398A651D9693A300A235DA = {
						CreatedOnToolsVersion = 8.0;
						ProvisioningStyle = Automatic;
					};
				};
			};
			buildConfigurationList = AD398A611D9693A300A235DA /* Build configuration list for PBXProject "Whats the weather" */;
			compatibilityVersion = "Xcode 3.2";
			developmentRegion = English;
			hasScannedForEncodings = 0;
			knownRegions = (
				en,
				Base,
			);
			mainGroup = AD398A5D1D9693A300A235DA;
			productRefGroup = AD398A671D9693A300A235DA /* Products */;
			projectDirPath = "";
			projectRoot = "";
			targets = (
				AD398A651D9693A300A235DA /* Whats the weather */,
			);
		};
/* End PBXProject section */

/* Begin PBXResourcesBuildPhase section */
		AD398A641D9693A300A235DA /* Resources */ = {
			isa = PBXResourcesBuildPhase;
			buildActionMask = 2147483647;
			files = (
				AD398A741D9693A300A235DA /* LaunchScreen.storyboard in Resources */,
				AD398A711D9693A300A235DA /* Assets.xcassets in Resources */,
				AD398A6F1D9693A300A235DA /* Main.storyboard in Resources */,
			);
			runOnlyForDeploymentPostprocessing = 0;
		};
/* End PBXResourcesBuildPhase section */

/* Begin PBXSourcesBuildPhase section */
		AD398A621D9693A300A235DA /* Sources */ = {
			isa = PBXSourcesBuildPhase;
			buildActionMask = 2147483647;
			files = (
				AD398A6C1D9693A300A235DA /* ViewController.swift in Sources */,
				AD398A6A1D9693A300A235DA /* AppDelegate.swift in Sources */,
			);
			runOnlyForDeploymentPostprocessing = 0;
		};
/* End PBXSourcesBuildPhase section */

/* Begin PBXVariantGroup section */
		AD398A6D1D9693A300A235DA /* Main.storyboard */ = {
			isa = PBXVariantGroup;
			children = (
				AD398A6E1D9693A300A235DA /* Base */,
			);
			name = Main.storyboard;
			sourceTree = "<group>";
		};
		AD398A721D9693A300A235DA /* LaunchScreen.storyboard */ = {
			isa = PBXVariantGroup;
			children = (
				AD398A731D9693A300A235DA /* Base */,
			);
			name = LaunchScreen.storyboard;
			sourceTree = "<group>";
		};
/* End PBXVariantGroup section */

/* Begin XCBuildConfiguration section */
		AD398A761D9693A300A235DA /* Debug */ = {
			isa = XCBuildConfiguration;
			buildSettings = {
				ALWAYS_SEARCH_USER_PATHS = NO;
				CLANG_ANALYZER_NONNULL = YES;
				CLANG_CXX_LANGUAGE_STANDARD = "gnu++0x";
				CLANG_CXX_LIBRARY = "libc++";
				CLANG_ENABLE_MODULES = YES;
				CLANG_ENABLE_OBJC_ARC = YES;
				CLANG_WARN_BOOL_CONVERSION = YES;
				CLANG_WARN_CONSTANT_CONVERSION = YES;
				CLANG_WARN_DIRECT_OBJC_ISA_USAGE = YES_ERROR;
				CLANG_WARN_DOCUMENTATION_COMMENTS = YES;
				CLANG_WARN_EMPTY_BODY = YES;
				CLANG_WARN_ENUM_CONVERSION = YES;
				CLANG_WARN_INFINITE_RECURSION = YES;
				CLANG_WARN_INT_CONVERSION = YES;
				CLANG_WARN_OBJC_ROOT_CLASS = YES_ERROR;
				CLANG_WARN_SUSPICIOUS_MOVES = YES;
				CLANG_WARN_UNREACHABLE_CODE = YES;
				CLANG_WARN__DUPLICATE_METHOD_MATCH = YES;
				"CODE_SIGN_IDENTITY[sdk=iphoneos*]" = "iPhone Developer";
				COPY_PHASE_STRIP = NO;
				DEBUG_INFORMATION_FORMAT = dwarf;
				ENABLE_STRICT_OBJC_MSGSEND = YES;
				ENABLE_TESTABILITY = YES;
				GCC_C_LANGUAGE_STANDARD = gnu99;
				GCC_DYNAMIC_NO_PIC = NO;
				GCC_NO_COMMON_BLOCKS = YES;
				GCC_OPTIMIZATION_LEVEL = 0;
				GCC_PREPROCESSOR_DEFINITIONS = (
					"DEBUG=1",
					"$(inherited)",
				);
				GCC_WARN_64_TO_32_BIT_CONVERSION = YES;
				GCC_WARN_ABOUT_RETURN_TYPE = YES_ERROR;
				GCC_WARN_UNDECLARED_SELECTOR = YES;
				GCC_WARN_UNINITIALIZED_AUTOS = YES_AGGRESSIVE;
				GCC_WARN_UNUSED_FUNCTION = YES;
				GCC_WARN_UNUSED_VARIABLE = YES;
				IPHONEOS_DEPLOYMENT_TARGET = 10.0;
				MTL_ENABLE_DEBUG_INFO = YES;
				ONLY_ACTIVE_ARCH = YES;
				SDKROOT = iphoneos;
				SWIFT_ACTIVE_COMPILATION_CONDITIONS = DEBUG;
				SWIFT_OPTIMIZATION_LEVEL = "-Onone";
				TARGETED_DEVICE_FAMILY = "1,2";
			};
			name = Debug;
		};
		AD398A771D9693A300A235DA /* Release */ = {
			isa = XCBuildConfiguration;
			buildSettings = {
				ALWAYS_SEARCH_USER_PATHS = NO;
				CLANG_ANALYZER_NONNULL = YES;
				CLANG_CXX_LANGUAGE_STANDARD = "gnu++0x";
				CLANG_CXX_LIBRARY = "libc++";
				CLANG_ENABLE_MODULES = YES;
				CLANG_ENABLE_OBJC_ARC = YES;
				CLANG_WARN_BOOL_CONVERSION = YES;
				CLANG_WARN_CONSTANT_CONVERSION = YES;
				CLANG_WARN_DIRECT_OBJC_ISA_USAGE = YES_ERROR;
				CLANG_WARN_DOCUMENTATION_COMMENTS = YES;
				CLANG_WARN_EMPTY_BODY = YES;
				CLANG_WARN_ENUM_CONVERSION = YES;
				CLANG_WARN_INFINITE_RECURSION = YES;
				CLANG_WARN_INT_CONVERSION = YES;
				CLANG_WARN_OBJC_ROOT_CLASS = YES_ERROR;
				CLANG_WARN_SUSPICIOUS_MOVES = YES;
				CLANG_WARN_UNREACHABLE_CODE = YES;
				CLANG_WARN__DUPLICATE_METHOD_MATCH = YES;
				"CODE_SIGN_IDENTITY[sdk=iphoneos*]" = "iPhone Developer";
				COPY_PHASE_STRIP = NO;
				DEBUG_INFORMATION_FORMAT = "dwarf-with-dsym";
				ENABLE_NS_ASSERTIONS = NO;
				ENABLE_STRICT_OBJC_MSGSEND = YES;
				GCC_C_LANGUAGE_STANDARD = gnu99;
				GCC_NO_COMMON_BLOCKS = YES;
				GCC_WARN_64_TO_32_BIT_CONVERSION = YES;
				GCC_WARN_ABOUT_RETURN_TYPE = YES_ERROR;
				GCC_WARN_UNDECLARED_SELECTOR = YES;
				GCC_WARN_UNINITIALIZED_AUTOS = YES_AGGRESSIVE;
				GCC_WARN_UNUSED_FUNCTION = YES;
				GCC_WARN_UNUSED_VARIABLE = YES;
				IPHONEOS_DEPLOYMENT_TARGET = 10.0;
				MTL_ENABLE_DEBUG_INFO = NO;
				SDKROOT = iphoneos;
				SWIFT_OPTIMIZATION_LEVEL = "-Owholemodule";
				TARGETED_DEVICE_FAMILY = "1,2";
				VALIDATE_PRODUCT = YES;
			};
			name = Release;
		};
		AD398A791D9693A300A235DA /* Debug */ = {
			isa = XCBuildConfiguration;
			buildSettings = {
				ASSETCATALOG_COMPILER_APPICON_NAME = AppIcon;
				INFOPLIST_FILE = "Whats the weather/Info.plist";
				LD_RUNPATH_SEARCH_PATHS = "$(inherited) @executable_path/Frameworks";
				PRODUCT_BUNDLE_IDENTIFIER = "com.omlodi.Whats-the-weather";
				PRODUCT_NAME = "$(TARGET_NAME)";
				SWIFT_VERSION = 3.0;
			};
			name = Debug;
		};
		AD398A7A1D9693A300A235DA /* Release */ = {
			isa = XCBuildConfiguration;
			buildSettings = {
				ASSETCATALOG_COMPILER_APPICON_NAME = AppIcon;
				INFOPLIST_FILE = "Whats the weather/Info.plist";
				LD_RUNPATH_SEARCH_PATHS = "$(inherited) @executable_path/Frameworks";
				PRODUCT_BUNDLE_IDENTIFIER = "com.omlodi.Whats-the-weather";
				PRODUCT_NAME = "$(TARGET_NAME)";
				SWIFT_VERSION = 3.0;
			};
			name = Release;
		};
/* End XCBuildConfiguration section */

/* Begin XCConfigurationList section */
		AD398A611D9693A300A235DA /* Build configuration list for PBXProject "Whats the weather" */ = {
			isa = XCConfigurationList;
			buildConfigurations = (
				AD398A761D9693A300A235DA /* Debug */,
				AD398A771D9693A300A235DA /* Release */,
			);
			defaultConfigurationIsVisible = 0;
			defaultConfigurationName = Release;
		};
		AD398A781D9693A300A235DA /* Build configuration list for PBXNativeTarget "Whats the weather" */ = {
			isa = XCConfigurationList;
			buildConfigurations = (
				AD398A791D9693A300A235DA /* Debug */,
				AD398A7A1D9693A300A235DA /* Release */,
			);
			defaultConfigurationIsVisible = 0;
		};
/* End XCConfigurationList section */
	};
	rootObject = AD398A5E1D9693A300A235DA /* Project object */;
}
